// !$*UTF8*$!
{
	archiveVersion = 1;
	classes = {
	};
	objectVersion = 56;
	objects = {

/* Begin PBXBuildFile section */
		FF1D2B8B29643F3E00D0E676 /* AppDelegate.swift in Sources */ = {isa = PBXBuildFile; fileRef = FF1D2B8A29643F3E00D0E676 /* AppDelegate.swift */; };
		FF1D2B8D29643F3E00D0E676 /* SceneDelegate.swift in Sources */ = {isa = PBXBuildFile; fileRef = FF1D2B8C29643F3E00D0E676 /* SceneDelegate.swift */; };
		FF1D2B8F29643F3E00D0E676 /* ViewController.swift in Sources */ = {isa = PBXBuildFile; fileRef = FF1D2B8E29643F3E00D0E676 /* ViewController.swift */; };
		FF1D2B9429643F4000D0E676 /* Assets.xcassets in Resources */ = {isa = PBXBuildFile; fileRef = FF1D2B9329643F4000D0E676 /* Assets.xcassets */; };
		FF1D2B9729643F4000D0E676 /* LaunchScreen.storyboard in Resources */ = {isa = PBXBuildFile; fileRef = FF1D2B9529643F4000D0E676 /* LaunchScreen.storyboard */; };
		FF1D2B9F2964423200D0E676 /* HabitsStore.swift in Sources */ = {isa = PBXBuildFile; fileRef = FF1D2B9E2964423100D0E676 /* HabitsStore.swift */; };
		FF26ABF8297523B800D398C3 /* HabitsViewController.swift in Sources */ = {isa = PBXBuildFile; fileRef = FF26ABF7297523B800D398C3 /* HabitsViewController.swift */; };
		FF26ABFA297523F500D398C3 /* InfoViewController.swift in Sources */ = {isa = PBXBuildFile; fileRef = FF26ABF9297523F500D398C3 /* InfoViewController.swift */; };
		FF26ABFC29753D8A00D398C3 /* Text.swift in Sources */ = {isa = PBXBuildFile; fileRef = FF26ABFB29753D8A00D398C3 /* Text.swift */; };
		FF26ABFE297646F600D398C3 /* HabitViewController.swift in Sources */ = {isa = PBXBuildFile; fileRef = FF26ABFD297646F600D398C3 /* HabitViewController.swift */; };
		FF26AC052977F7EC00D398C3 /* HabitCollectionViewCell.swift in Sources */ = {isa = PBXBuildFile; fileRef = FF26AC042977F7EC00D398C3 /* HabitCollectionViewCell.swift */; };
		FF26AC07297A4C5900D398C3 /* Custom.swift in Sources */ = {isa = PBXBuildFile; fileRef = FF26AC06297A4C5900D398C3 /* Custom.swift */; };
		FF8D397D297E44B6002995D1 /* ProgressCollectionViewCell.swift in Sources */ = {isa = PBXBuildFile; fileRef = FF8D397C297E44B6002995D1 /* ProgressCollectionViewCell.swift */; };
		FF8D397F297E7482002995D1 /* TechnicalViewCell.swift in Sources */ = {isa = PBXBuildFile; fileRef = FF8D397E297E7482002995D1 /* TechnicalViewCell.swift */; };
		FF8D3981297F9AEF002995D1 /* HabitDetailsViewController.swift in Sources */ = {isa = PBXBuildFile; fileRef = FF8D3980297F9AEF002995D1 /* HabitDetailsViewController.swift */; };
/* End PBXBuildFile section */

/* Begin PBXFileReference section */
		FF1D2B8729643F3E00D0E676 /* MyHabits.app */ = {isa = PBXFileReference; explicitFileType = wrapper.application; includeInIndex = 0; path = MyHabits.app; sourceTree = BUILT_PRODUCTS_DIR; };
		FF1D2B8A29643F3E00D0E676 /* AppDelegate.swift */ = {isa = PBXFileReference; lastKnownFileType = sourcecode.swift; path = AppDelegate.swift; sourceTree = "<group>"; };
		FF1D2B8C29643F3E00D0E676 /* SceneDelegate.swift */ = {isa = PBXFileReference; lastKnownFileType = sourcecode.swift; path = SceneDelegate.swift; sourceTree = "<group>"; };
		FF1D2B8E29643F3E00D0E676 /* ViewController.swift */ = {isa = PBXFileReference; lastKnownFileType = sourcecode.swift; path = ViewController.swift; sourceTree = "<group>"; };
		FF1D2B9329643F4000D0E676 /* Assets.xcassets */ = {isa = PBXFileReference; lastKnownFileType = folder.assetcatalog; path = Assets.xcassets; sourceTree = "<group>"; };
		FF1D2B9629643F4000D0E676 /* Base */ = {isa = PBXFileReference; lastKnownFileType = file.storyboard; name = Base; path = Base.lproj/LaunchScreen.storyboard; sourceTree = "<group>"; };
		FF1D2B9829643F4000D0E676 /* Info.plist */ = {isa = PBXFileReference; lastKnownFileType = text.plist.xml; path = Info.plist; sourceTree = "<group>"; };
		FF1D2B9E2964423100D0E676 /* HabitsStore.swift */ = {isa = PBXFileReference; lastKnownFileType = sourcecode.swift; path = HabitsStore.swift; sourceTree = "<group>"; };
		FF26ABF7297523B800D398C3 /* HabitsViewController.swift */ = {isa = PBXFileReference; lastKnownFileType = sourcecode.swift; path = HabitsViewController.swift; sourceTree = "<group>"; };
		FF26ABF9297523F500D398C3 /* InfoViewController.swift */ = {isa = PBXFileReference; lastKnownFileType = sourcecode.swift; path = InfoViewController.swift; sourceTree = "<group>"; };
		FF26ABFB29753D8A00D398C3 /* Text.swift */ = {isa = PBXFileReference; lastKnownFileType = sourcecode.swift; path = Text.swift; sourceTree = "<group>"; };
		FF26ABFD297646F600D398C3 /* HabitViewController.swift */ = {isa = PBXFileReference; lastKnownFileType = sourcecode.swift; path = HabitViewController.swift; sourceTree = "<group>"; };
		FF26AC042977F7EC00D398C3 /* HabitCollectionViewCell.swift */ = {isa = PBXFileReference; lastKnownFileType = sourcecode.swift; path = HabitCollectionViewCell.swift; sourceTree = "<group>"; };
		FF26AC06297A4C5900D398C3 /* Custom.swift */ = {isa = PBXFileReference; lastKnownFileType = sourcecode.swift; path = Custom.swift; sourceTree = "<group>"; };
		FF8D397C297E44B6002995D1 /* ProgressCollectionViewCell.swift */ = {isa = PBXFileReference; lastKnownFileType = sourcecode.swift; path = ProgressCollectionViewCell.swift; sourceTree = "<group>"; };
		FF8D397E297E7482002995D1 /* TechnicalViewCell.swift */ = {isa = PBXFileReference; lastKnownFileType = sourcecode.swift; path = TechnicalViewCell.swift; sourceTree = "<group>"; };
		FF8D3980297F9AEF002995D1 /* HabitDetailsViewController.swift */ = {isa = PBXFileReference; lastKnownFileType = sourcecode.swift; path = HabitDetailsViewController.swift; sourceTree = "<group>"; };
/* End PBXFileReference section */

/* Begin PBXFrameworksBuildPhase section */
		FF1D2B8429643F3E00D0E676 /* Frameworks */ = {
			isa = PBXFrameworksBuildPhase;
			buildActionMask = 2147483647;
			files = (
			);
			runOnlyForDeploymentPostprocessing = 0;
		};
/* End PBXFrameworksBuildPhase section */

/* Begin PBXGroup section */
		FF1D2B7E29643F3E00D0E676 = {
			isa = PBXGroup;
			children = (
				FF1D2B8929643F3E00D0E676 /* MyHabits */,
				FF1D2B8829643F3E00D0E676 /* Products */,
			);
			sourceTree = "<group>";
		};
		FF1D2B8829643F3E00D0E676 /* Products */ = {
			isa = PBXGroup;
			children = (
				FF1D2B8729643F3E00D0E676 /* MyHabits.app */,
			);
			name = Products;
			sourceTree = "<group>";
		};
		FF1D2B8929643F3E00D0E676 /* MyHabits */ = {
			isa = PBXGroup;
			children = (
				FF1D2BA02964423C00D0E676 /* Main */,
				FF26ABF5297523A000D398C3 /* Habits */,
				FF26ABF6297523A700D398C3 /* Info */,
				FF1D2BA12964425800D0E676 /* Technical folder */,
				FF1D2B9329643F4000D0E676 /* Assets.xcassets */,
				FF1D2B9529643F4000D0E676 /* LaunchScreen.storyboard */,
				FF1D2B9829643F4000D0E676 /* Info.plist */,
			);
			path = MyHabits;
			sourceTree = "<group>";
		};
		FF1D2BA02964423C00D0E676 /* Main */ = {
			isa = PBXGroup;
			children = (
				FF1D2B8A29643F3E00D0E676 /* AppDelegate.swift */,
				FF1D2B8C29643F3E00D0E676 /* SceneDelegate.swift */,
				FF1D2B8E29643F3E00D0E676 /* ViewController.swift */,
			);
			path = Main;
			sourceTree = "<group>";
		};
		FF1D2BA12964425800D0E676 /* Technical folder */ = {
			isa = PBXGroup;
			children = (
				FF1D2B9E2964423100D0E676 /* HabitsStore.swift */,
				FF26ABFB29753D8A00D398C3 /* Text.swift */,
				FF26AC06297A4C5900D398C3 /* Custom.swift */,
				FF8D397E297E7482002995D1 /* TechnicalViewCell.swift */,
			);
			path = "Technical folder";
			sourceTree = "<group>";
		};
		FF26ABF5297523A000D398C3 /* Habits */ = {
			isa = PBXGroup;
			children = (
				FF26ABF7297523B800D398C3 /* HabitsViewController.swift */,
				FF26ABFD297646F600D398C3 /* HabitViewController.swift */,
				FF26AC042977F7EC00D398C3 /* HabitCollectionViewCell.swift */,
				FF8D397C297E44B6002995D1 /* ProgressCollectionViewCell.swift */,
				FF8D3980297F9AEF002995D1 /* HabitDetailsViewController.swift */,
			);
			path = Habits;
			sourceTree = "<group>";
		};
		FF26ABF6297523A700D398C3 /* Info */ = {
			isa = PBXGroup;
			children = (
				FF26ABF9297523F500D398C3 /* InfoViewController.swift */,
			);
			path = Info;
			sourceTree = "<group>";
		};
/* End PBXGroup section */

/* Begin PBXNativeTarget section */
		FF1D2B8629643F3E00D0E676 /* MyHabits */ = {
			isa = PBXNativeTarget;
			buildConfigurationList = FF1D2B9B29643F4000D0E676 /* Build configuration list for PBXNativeTarget "MyHabits" */;
			buildPhases = (
				FF1D2B8329643F3E00D0E676 /* Sources */,
				FF1D2B8429643F3E00D0E676 /* Frameworks */,
				FF1D2B8529643F3E00D0E676 /* Resources */,
			);
			buildRules = (
			);
			dependencies = (
			);
			name = MyHabits;
			productName = MyHabits;
			productReference = FF1D2B8729643F3E00D0E676 /* MyHabits.app */;
			productType = "com.apple.product-type.application";
		};
/* End PBXNativeTarget section */

/* Begin PBXProject section */
		FF1D2B7F29643F3E00D0E676 /* Project object */ = {
			isa = PBXProject;
			attributes = {
				BuildIndependentTargetsInParallel = 1;
				LastSwiftUpdateCheck = 1420;
				LastUpgradeCheck = 1420;
				TargetAttributes = {
					FF1D2B8629643F3E00D0E676 = {
						CreatedOnToolsVersion = 14.2;
					};
				};
			};
			buildConfigurationList = FF1D2B8229643F3E00D0E676 /* Build configuration list for PBXProject "MyHabits" */;
			compatibilityVersion = "Xcode 14.0";
			developmentRegion = en;
			hasScannedForEncodings = 0;
			knownRegions = (
				en,
				Base,
			);
			mainGroup = FF1D2B7E29643F3E00D0E676;
			productRefGroup = FF1D2B8829643F3E00D0E676 /* Products */;
			projectDirPath = "";
			projectRoot = "";
			targets = (
				FF1D2B8629643F3E00D0E676 /* MyHabits */,
			);
		};
/* End PBXProject section */

/* Begin PBXResourcesBuildPhase section */
		FF1D2B8529643F3E00D0E676 /* Resources */ = {
			isa = PBXResourcesBuildPhase;
			buildActionMask = 2147483647;
			files = (
				FF1D2B9729643F4000D0E676 /* LaunchScreen.storyboard in Resources */,
				FF1D2B9429643F4000D0E676 /* Assets.xcassets in Resources */,
			);
			runOnlyForDeploymentPostprocessing = 0;
		};
/* End PBXResourcesBuildPhase section */

/* Begin PBXSourcesBuildPhase section */
		FF1D2B8329643F3E00D0E676 /* Sources */ = {
			isa = PBXSourcesBuildPhase;
			buildActionMask = 2147483647;
			files = (
				FF8D3981297F9AEF002995D1 /* HabitDetailsViewController.swift in Sources */,
				FF1D2B9F2964423200D0E676 /* HabitsStore.swift in Sources */,
				FF1D2B8F29643F3E00D0E676 /* ViewController.swift in Sources */,
				FF1D2B8B29643F3E00D0E676 /* AppDelegate.swift in Sources */,
				FF26AC052977F7EC00D398C3 /* HabitCollectionViewCell.swift in Sources */,
				FF8D397F297E7482002995D1 /* TechnicalViewCell.swift in Sources */,
				FF26AC07297A4C5900D398C3 /* Custom.swift in Sources */,
				FF8D397D297E44B6002995D1 /* ProgressCollectionViewCell.swift in Sources */,
				FF26ABFE297646F600D398C3 /* HabitViewController.swift in Sources */,
				FF26ABFC29753D8A00D398C3 /* Text.swift in Sources */,
				FF26ABF8297523B800D398C3 /* HabitsViewController.swift in Sources */,
				FF26ABFA297523F500D398C3 /* InfoViewController.swift in Sources */,
				FF1D2B8D29643F3E00D0E676 /* SceneDelegate.swift in Sources */,
			);
			runOnlyForDeploymentPostprocessing = 0;
		};
/* End PBXSourcesBuildPhase section */

/* Begin PBXVariantGroup section */
		FF1D2B9529643F4000D0E676 /* LaunchScreen.storyboard */ = {
			isa = PBXVariantGroup;
			children = (
				FF1D2B9629643F4000D0E676 /* Base */,
			);
			name = LaunchScreen.storyboard;
			sourceTree = "<group>";
		};
/* End PBXVariantGroup section */

/* Begin XCBuildConfiguration section */
		FF1D2B9929643F4000D0E676 /* Debug */ = {
			isa = XCBuildConfiguration;
			buildSettings = {
				ALWAYS_SEARCH_USER_PATHS = NO;
				CLANG_ANALYZER_NONNULL = YES;
				CLANG_ANALYZER_NUMBER_OBJECT_CONVERSION = YES_AGGRESSIVE;
				CLANG_CXX_LANGUAGE_STANDARD = "gnu++20";
				CLANG_ENABLE_MODULES = YES;
				CLANG_ENABLE_OBJC_ARC = YES;
				CLANG_ENABLE_OBJC_WEAK = YES;
				CLANG_WARN_BLOCK_CAPTURE_AUTORELEASING = YES;
				CLANG_WARN_BOOL_CONVERSION = YES;
				CLANG_WARN_COMMA = YES;
				CLANG_WARN_CONSTANT_CONVERSION = YES;
				CLANG_WARN_DEPRECATED_OBJC_IMPLEMENTATIONS = YES;
				CLANG_WARN_DIRECT_OBJC_ISA_USAGE = YES_ERROR;
				CLANG_WARN_DOCUMENTATION_COMMENTS = YES;
				CLANG_WARN_EMPTY_BODY = YES;
				CLANG_WARN_ENUM_CONVERSION = YES;
				CLANG_WARN_INFINITE_RECURSION = YES;
				CLANG_WARN_INT_CONVERSION = YES;
				CLANG_WARN_NON_LITERAL_NULL_CONVERSION = YES;
				CLANG_WARN_OBJC_IMPLICIT_RETAIN_SELF = YES;
				CLANG_WARN_OBJC_LITERAL_CONVERSION = YES;
				CLANG_WARN_OBJC_ROOT_CLASS = YES_ERROR;
				CLANG_WARN_QUOTED_INCLUDE_IN_FRAMEWORK_HEADER = YES;
				CLANG_WARN_RANGE_LOOP_ANALYSIS = YES;
				CLANG_WARN_STRICT_PROTOTYPES = YES;
				CLANG_WARN_SUSPICIOUS_MOVE = YES;
				CLANG_WARN_UNGUARDED_AVAILABILITY = YES_AGGRESSIVE;
				CLANG_WARN_UNREACHABLE_CODE = YES;
				CLANG_WARN__DUPLICATE_METHOD_MATCH = YES;
				COPY_PHASE_STRIP = NO;
				DEBUG_INFORMATION_FORMAT = dwarf;
				ENABLE_STRICT_OBJC_MSGSEND = YES;
				ENABLE_TESTABILITY = YES;
				GCC_C_LANGUAGE_STANDARD = gnu11;
				GCC_DYNAMIC_NO_PIC = NO;
				GCC_NO_COMMON_BLOCKS = YES;
				GCC_OPTIMIZATION_LEVEL = 0;
				GCC_PREPROCESSOR_DEFINITIONS = (
					"DEBUG=1",
					"$(inherited)",
				);
				GCC_WARN_64_TO_32_BIT_CONVERSION = YES;
				GCC_WARN_ABOUT_RETURN_TYPE = YES_ERROR;
				GCC_WARN_UNDECLARED_SELECTOR = YES;
				GCC_WARN_UNINITIALIZED_AUTOS = YES_AGGRESSIVE;
				GCC_WARN_UNUSED_FUNCTION = YES;
				GCC_WARN_UNUSED_VARIABLE = YES;
				IPHONEOS_DEPLOYMENT_TARGET = 16.2;
				MTL_ENABLE_DEBUG_INFO = INCLUDE_SOURCE;
				MTL_FAST_MATH = YES;
				ONLY_ACTIVE_ARCH = YES;
				SDKROOT = iphoneos;
				SWIFT_ACTIVE_COMPILATION_CONDITIONS = DEBUG;
				SWIFT_OPTIMIZATION_LEVEL = "-Onone";
			};
			name = Debug;
		};
		FF1D2B9A29643F4000D0E676 /* Release */ = {
			isa = XCBuildConfiguration;
			buildSettings = {
				ALWAYS_SEARCH_USER_PATHS = NO;
				CLANG_ANALYZER_NONNULL = YES;
				CLANG_ANALYZER_NUMBER_OBJECT_CONVERSION = YES_AGGRESSIVE;
				CLANG_CXX_LANGUAGE_STANDARD = "gnu++20";
				CLANG_ENABLE_MODULES = YES;
				CLANG_ENABLE_OBJC_ARC = YES;
				CLANG_ENABLE_OBJC_WEAK = YES;
				CLANG_WARN_BLOCK_CAPTURE_AUTORELEASING = YES;
				CLANG_WARN_BOOL_CONVERSION = YES;
				CLANG_WARN_COMMA = YES;
				CLANG_WARN_CONSTANT_CONVERSION = YES;
				CLANG_WARN_DEPRECATED_OBJC_IMPLEMENTATIONS = YES;
				CLANG_WARN_DIRECT_OBJC_ISA_USAGE = YES_ERROR;
				CLANG_WARN_DOCUMENTATION_COMMENTS = YES;
				CLANG_WARN_EMPTY_BODY = YES;
				CLANG_WARN_ENUM_CONVERSION = YES;
				CLANG_WARN_INFINITE_RECURSION = YES;
				CLANG_WARN_INT_CONVERSION = YES;
				CLANG_WARN_NON_LITERAL_NULL_CONVERSION = YES;
				CLANG_WARN_OBJC_IMPLICIT_RETAIN_SELF = YES;
				CLANG_WARN_OBJC_LITERAL_CONVERSION = YES;
				CLANG_WARN_OBJC_ROOT_CLASS = YES_ERROR;
				CLANG_WARN_QUOTED_INCLUDE_IN_FRAMEWORK_HEADER = YES;
				CLANG_WARN_RANGE_LOOP_ANALYSIS = YES;
				CLANG_WARN_STRICT_PROTOTYPES = YES;
				CLANG_WARN_SUSPICIOUS_MOVE = YES;
				CLANG_WARN_UNGUARDED_AVAILABILITY = YES_AGGRESSIVE;
				CLANG_WARN_UNREACHABLE_CODE = YES;
				CLANG_WARN__DUPLICATE_METHOD_MATCH = YES;
				COPY_PHASE_STRIP = NO;
				DEBUG_INFORMATION_FORMAT = "dwarf-with-dsym";
				ENABLE_NS_ASSERTIONS = NO;
				ENABLE_STRICT_OBJC_MSGSEND = YES;
				GCC_C_LANGUAGE_STANDARD = gnu11;
				GCC_NO_COMMON_BLOCKS = YES;
				GCC_WARN_64_TO_32_BIT_CONVERSION = YES;
				GCC_WARN_ABOUT_RETURN_TYPE = YES_ERROR;
				GCC_WARN_UNDECLARED_SELECTOR = YES;
				GCC_WARN_UNINITIALIZED_AUTOS = YES_AGGRESSIVE;
				GCC_WARN_UNUSED_FUNCTION = YES;
				GCC_WARN_UNUSED_VARIABLE = YES;
				IPHONEOS_DEPLOYMENT_TARGET = 16.2;
				MTL_ENABLE_DEBUG_INFO = NO;
				MTL_FAST_MATH = YES;
				SDKROOT = iphoneos;
				SWIFT_COMPILATION_MODE = wholemodule;
				SWIFT_OPTIMIZATION_LEVEL = "-O";
				VALIDATE_PRODUCT = YES;
			};
			name = Release;
		};
		FF1D2B9C29643F4000D0E676 /* Debug */ = {
			isa = XCBuildConfiguration;
			buildSettings = {
				ASSETCATALOG_COMPILER_APPICON_NAME = AppIcon;
				ASSETCATALOG_COMPILER_GLOBAL_ACCENT_COLOR_NAME = AccentColor;
				CODE_SIGN_STYLE = Automatic;
				CURRENT_PROJECT_VERSION = 1;
				GENERATE_INFOPLIST_FILE = YES;
				INFOPLIST_FILE = MyHabits/Info.plist;
				INFOPLIST_KEY_UIApplicationSupportsIndirectInputEvents = YES;
				INFOPLIST_KEY_UILaunchStoryboardName = LaunchScreen;
				INFOPLIST_KEY_UIMainStoryboardFile = "";
				INFOPLIST_KEY_UISupportedInterfaceOrientations_iPad = "UIInterfaceOrientationPortrait UIInterfaceOrientationPortraitUpsideDown UIInterfaceOrientationLandscapeLeft UIInterfaceOrientationLandscapeRight";
				INFOPLIST_KEY_UISupportedInterfaceOrientations_iPhone = "UIInterfaceOrientationPortrait UIInterfaceOrientationLandscapeLeft UIInterfaceOrientationLandscapeRight";
				LD_RUNPATH_SEARCH_PATHS = (
					"$(inherited)",
					"@executable_path/Frameworks",
				);
				MARKETING_VERSION = 1.0;
				PRODUCT_BUNDLE_IDENTIFIER = Alex.MyHabits;
				PRODUCT_NAME = "$(TARGET_NAME)";
				SWIFT_EMIT_LOC_STRINGS = YES;
				SWIFT_VERSION = 5.0;
				TARGETED_DEVICE_FAMILY = "1,2";
			};
			name = Debug;
		};
		FF1D2B9D29643F4000D0E676 /* Release */ = {
			isa = XCBuildConfiguration;
			buildSettings = {
				ASSETCATALOG_COMPILER_APPICON_NAME = AppIcon;
				ASSETCATALOG_COMPILER_GLOBAL_ACCENT_COLOR_NAME = AccentColor;
				CODE_SIGN_STYLE = Automatic;
				CURRENT_PROJECT_VERSION = 1;
				GENERATE_INFOPLIST_FILE = YES;
				INFOPLIST_FILE = MyHabits/Info.plist;
				INFOPLIST_KEY_UIApplicationSupportsIndirectInputEvents = YES;
				INFOPLIST_KEY_UILaunchStoryboardName = LaunchScreen;
				INFOPLIST_KEY_UIMainStoryboardFile = "";
				INFOPLIST_KEY_UISupportedInterfaceOrientations_iPad = "UIInterfaceOrientationPortrait UIInterfaceOrientationPortraitUpsideDown UIInterfaceOrientationLandscapeLeft UIInterfaceOrientationLandscapeRight";
				INFOPLIST_KEY_UISupportedInterfaceOrientations_iPhone = "UIInterfaceOrientationPortrait UIInterfaceOrientationLandscapeLeft UIInterfaceOrientationLandscapeRight";
				LD_RUNPATH_SEARCH_PATHS = (
					"$(inherited)",
					"@executable_path/Frameworks",
				);
				MARKETING_VERSION = 1.0;
				PRODUCT_BUNDLE_IDENTIFIER = Alex.MyHabits;
				PRODUCT_NAME = "$(TARGET_NAME)";
				SWIFT_EMIT_LOC_STRINGS = YES;
				SWIFT_VERSION = 5.0;
				TARGETED_DEVICE_FAMILY = "1,2";
			};
			name = Release;
		};
/* End XCBuildConfiguration section */

/* Begin XCConfigurationList section */
		FF1D2B8229643F3E00D0E676 /* Build configuration list for PBXProject "MyHabits" */ = {
			isa = XCConfigurationList;
			buildConfigurations = (
				FF1D2B9929643F4000D0E676 /* Debug */,
				FF1D2B9A29643F4000D0E676 /* Release */,
			);
			defaultConfigurationIsVisible = 0;
			defaultConfigurationName = Release;
		};
		FF1D2B9B29643F4000D0E676 /* Build configuration list for PBXNativeTarget "MyHabits" */ = {
			isa = XCConfigurationList;
			buildConfigurations = (
				FF1D2B9C29643F4000D0E676 /* Debug */,
				FF1D2B9D29643F4000D0E676 /* Release */,
			);
			defaultConfigurationIsVisible = 0;
			defaultConfigurationName = Release;
		};
/* End XCConfigurationList section */
	};
	rootObject = FF1D2B7F29643F3E00D0E676 /* Project object */;
}
